
Microsoft Visual Studio Solution File, Format Version 12.00
# Visual Studio Version 17
VisualStudioVersion = 17.4.33122.133
MinimumVisualStudioVersion = 10.0.40219.1
Project("{FAE04EC0-301F-11D3-BF4B-00C04F79EFBC}") = "Задача 19", "Задача 19\Задача 19.csproj", "{6DA4D3AC-D08B-4B47-BDB1-CE0A6B3D177B}"
EndProject
Project("{FAE04EC0-301F-11D3-BF4B-00C04F79EFBC}") = "Задача 21", "Задача 21\Задача 21.csproj", "{720BD6AA-4920-4D34-921F-D0C1B661C3B0}"
EndProject
Project("{FAE04EC0-301F-11D3-BF4B-00C04F79EFBC}") = "Задача 23", "Задача 23\Задача 23.csproj", "{D5194BDC-C42C-4DEF-B4D3-ED8196794C78}"
EndProject
Global
	GlobalSection(SolutionConfigurationPlatforms) = preSolution
		Debug|Any CPU = Debug|Any CPU
		Release|Any CPU = Release|Any CPU
	EndGlobalSection
	GlobalSection(ProjectConfigurationPlatforms) = postSolution
		{6DA4D3AC-D08B-4B47-BDB1-CE0A6B3D177B}.Debug|Any CPU.ActiveCfg = Debug|Any CPU
		{6DA4D3AC-D08B-4B47-BDB1-CE0A6B3D177B}.Debug|Any CPU.Build.0 = Debug|Any CPU
		{6DA4D3AC-D08B-4B47-BDB1-CE0A6B3D177B}.Release|Any CPU.ActiveCfg = Release|Any CPU
		{6DA4D3AC-D08B-4B47-BDB1-CE0A6B3D177B}.Release|Any CPU.Build.0 = Release|Any CPU
		{720BD6AA-4920-4D34-921F-D0C1B661C3B0}.Debug|Any CPU.ActiveCfg = Debug|Any CPU
		{720BD6AA-4920-4D34-921F-D0C1B661C3B0}.Debug|Any CPU.Build.0 = Debug|Any CPU
		{720BD6AA-4920-4D34-921F-D0C1B661C3B0}.Release|Any CPU.ActiveCfg = Release|Any CPU
		{720BD6AA-4920-4D34-921F-D0C1B661C3B0}.Release|Any CPU.Build.0 = Release|Any CPU
		{D5194BDC-C42C-4DEF-B4D3-ED8196794C78}.Debug|Any CPU.ActiveCfg = Debug|Any CPU
		{D5194BDC-C42C-4DEF-B4D3-ED8196794C78}.Debug|Any CPU.Build.0 = Debug|Any CPU
		{D5194BDC-C42C-4DEF-B4D3-ED8196794C78}.Release|Any CPU.ActiveCfg = Release|Any CPU
		{D5194BDC-C42C-4DEF-B4D3-ED8196794C78}.Release|Any CPU.Build.0 = Release|Any CPU
	EndGlobalSection
	GlobalSection(SolutionProperties) = preSolution
		HideSolutionNode = FALSE
	EndGlobalSection
	GlobalSection(ExtensibilityGlobals) = postSolution
		SolutionGuid = {CC8BD14E-C5A5-46B6-A18E-6C8721931A93}
	EndGlobalSection
EndGlobal
